Microsoft Visual Studio Solution File, Format Version 12.00
# Visual Studio Version 17
VisualStudioVersion = 17.0.31903.59
MinimumVisualStudioVersion = 10.0.40219.1
Project("{FAE04EC0-301F-11D3-BF4B-00C04F79EFBC}") = "OpenGameAgent.Kernel", "src\OpenGameAgent.Kernel\OpenGameAgent.Kernel.csproj", "{151F63BB-AD09-4DA7-A639-AEA860ABF801}"
EndProject
Project("{FAE04EC0-301F-11D3-BF4B-00C04F79EFBC}") = "OpenGameAgent", "src\OpenGameAgent\OpenGameAgent.csproj", "{3C485B57-B46F-48C7-82C2-161632BED002}"
EndProject
Project("{FAE04EC0-301F-11D3-BF4B-00C04F79EFBC}") = "OpenGameAgent.Persistence", "src\OpenGameAgent.Persistence\OpenGameAgent.Persistence.csproj", "{D73BB92F-E1EC-4252-B9A5-FEACDF5CB003}"
EndProject
Project("{FAE04EC0-301F-11D3-BF4B-00C04F79EFBC}") = "OpenGameAgent.Providers.OpenAICompatible", "src\OpenGameAgent.Providers.OpenAICompatible\OpenGameAgent.Providers.OpenAICompatible.csproj", "{4D6489CA-C06D-42AE-BE2C-A7A402A8E004}"
EndProject
Project("{FAE04EC0-301F-11D3-BF4B-00C04F79EFBC}") = "OpenGameAgent.Providers.MediaHttp", "src\OpenGameAgent.Providers.MediaHttp\OpenGameAgent.Providers.MediaHttp.csproj", "{49567240-0EB9-42B5-9FC3-7B4F018DA005}"
EndProject
Project("{FAE04EC0-301F-11D3-BF4B-00C04F79EFBC}") = "OpenGameAgent.Client", "src\OpenGameAgent.Client\OpenGameAgent.Client.csproj", "{EA51855B-1FB5-4692-9277-BB95A570C006}"
EndProject
Project("{FAE04EC0-301F-11D3-BF4B-00C04F79EFBC}") = "OpenGameAgent.Server", "src\OpenGameAgent.Server\OpenGameAgent.Server.csproj", "{126F4F68-C8D5-403B-899D-7EA25D446007}"
EndProject
Project("{FAE04EC0-301F-11D3-BF4B-00C04F79EFBC}") = "OpenGameAgent.Extensions", "src\OpenGameAgent.Extensions\OpenGameAgent.Extensions.csproj", "{6264B0A9-9050-4ED6-A7D8-F1DBBBCE6008}"
EndProject
Project("{FAE04EC0-301F-11D3-BF4B-00C04F79EFBC}") = "OpenGameAgent.Kernel.Tests", "tests\OpenGameAgent.Kernel.Tests\OpenGameAgent.Kernel.Tests.csproj", "{E0E06633-9C9A-4D70-BE88-491734701101}"
EndProject
Project("{FAE04EC0-301F-11D3-BF4B-00C04F79EFBC}") = "OpenGameAgent.Tests", "tests\OpenGameAgent.Tests\OpenGameAgent.Tests.csproj", "{D6FF2E41-75D9-463A-B9AC-26EA360F1102}"
EndProject
Project("{FAE04EC0-301F-11D3-BF4B-00C04F79EFBC}") = "OpenGameAgent.Persistence.Tests", "tests\OpenGameAgent.Persistence.Tests\OpenGameAgent.Persistence.Tests.csproj", "{0FD20D2F-1B89-4DDA-95DB-C0F5ECF21103}"
EndProject
Project("{FAE04EC0-301F-11D3-BF4B-00C04F79EFBC}") = "OpenGameAgent.Providers.OpenAICompatible.Tests", "tests\OpenGameAgent.Providers.OpenAICompatible.Tests\OpenGameAgent.Providers.OpenAICompatible.Tests.csproj", "{74DD11EC-7D24-4A65-B753-53571E931104}"
EndProject
Project("{FAE04EC0-301F-11D3-BF4B-00C04F79EFBC}") = "OpenGameAgent.Providers.MediaHttp.Tests", "tests\OpenGameAgent.Providers.MediaHttp.Tests\OpenGameAgent.Providers.MediaHttp.Tests.csproj", "{22E554B9-BCE6-4584-BE73-36CFE59E1105}"
EndProject
Project("{FAE04EC0-301F-11D3-BF4B-00C04F79EFBC}") = "OpenGameAgent.Server.Tests", "tests\OpenGameAgent.Server.Tests\OpenGameAgent.Server.Tests.csproj", "{8DC373B7-B6D6-42E8-BF98-7B8DC5FD1106}"
EndProject
Project("{FAE04EC0-301F-11D3-BF4B-00C04F79EFBC}") = "OpenGameAgent.Extensions.Tests", "tests\OpenGameAgent.Extensions.Tests\OpenGameAgent.Extensions.Tests.csproj", "{D23EE0CD-40FD-47F3-9549-B0675A821107}"
EndProject
Project("{FAE04EC0-301F-11D3-BF4B-00C04F79EFBC}") = "OpenGameAgent.Example", "examples\OpenGameAgent.Example\OpenGameAgent.Example.csproj", "{48B319EF-B033-4D17-A025-8987FCABA107}"
EndProject
Project("{2150E333-8FDC-42A3-9474-1A3956D46DE8}") = "src", "src", "{EA3AF59A-9A1C-4197-B2A3-F93894D131B8}"
EndProject
Project("{FAE04EC0-301F-11D3-BF4B-00C04F79EFBC}") = "OpenGameAgent.Connectors.Mcp", "src\OpenGameAgent.Connectors.Mcp\OpenGameAgent.Connectors.Mcp.csproj", "{01759D73-7B80-47A2-9D7D-154CC64C6851}"
EndProject
Project("{2150E333-8FDC-42A3-9474-1A3956D46DE8}") = "tests", "tests", "{86AE6217-BFEE-4349-945A-70ECEC211437}"
EndProject
Project("{FAE04EC0-301F-11D3-BF4B-00C04F79EFBC}") = "OpenGameAgent.Connectors.Mcp.Tests", "tests\OpenGameAgent.Connectors.Mcp.Tests\OpenGameAgent.Connectors.Mcp.Tests.csproj", "{98A0255B-E6C3-46C4-868C-A16FB559A79C}"
EndProject
Project("{FAE04EC0-301F-11D3-BF4B-00C04F79EFBC}") = "OpenGameAgent.Models", "src\OpenGameAgent.Models\OpenGameAgent.Models.csproj", "{CC89911F-B920-4203-8CE4-03D434C3B01E}"
EndProject
Project("{FAE04EC0-301F-11D3-BF4B-00C04F79EFBC}") = "OpenGameAgent.Models.Tests", "tests\OpenGameAgent.Models.Tests\OpenGameAgent.Models.Tests.csproj", "{839EA4C2-45A0-4E78-8FAE-E39155C96F4C}"
EndProject
Project("{FAE04EC0-301F-11D3-BF4B-00C04F79EFBC}") = "OpenGameAgent.Providers.OpenAI", "src\OpenGameAgent.Providers.OpenAI\OpenGameAgent.Providers.OpenAI.csproj", "{AA19D0A1-6DF6-4B39-9B3C-CF20BA2C0901}"
EndProject
Project("{FAE04EC0-301F-11D3-BF4B-00C04F79EFBC}") = "OpenGameAgent.Providers.OpenAI.Tests", "tests\OpenGameAgent.Providers.OpenAI.Tests\OpenGameAgent.Providers.OpenAI.Tests.csproj", "{AA19D0A2-6DF6-4B39-9B3C-CF20BA2C0902}"
EndProject
Project("{FAE04EC0-301F-11D3-BF4B-00C04F79EFBC}") = "OpenGameAgent.Providers.Anthropic", "src\OpenGameAgent.Providers.Anthropic\OpenGameAgent.Providers.Anthropic.csproj", "{AA19D0A3-6DF6-4B39-9B3C-CF20BA2C0903}"
EndProject
Project("{FAE04EC0-301F-11D3-BF4B-00C04F79EFBC}") = "OpenGameAgent.Providers.Anthropic.Tests", "tests\OpenGameAgent.Providers.Anthropic.Tests\OpenGameAgent.Providers.Anthropic.Tests.csproj", "{AA19D0A4-6DF6-4B39-9B3C-CF20BA2C0904}"
EndProject
Project("{FAE04EC0-301F-11D3-BF4B-00C04F79EFBC}") = "OpenGameAgent.Providers.Google", "src\OpenGameAgent.Providers.Google\OpenGameAgent.Providers.Google.csproj", "{AA19D0A5-6DF6-4B39-9B3C-CF20BA2C0905}"
EndProject
Project("{FAE04EC0-301F-11D3-BF4B-00C04F79EFBC}") = "OpenGameAgent.Providers.Google.Tests", "tests\OpenGameAgent.Providers.Google.Tests\OpenGameAgent.Providers.Google.Tests.csproj", "{AA19D0A6-6DF6-4B39-9B3C-CF20BA2C0906}"
EndProject
Project("{FAE04EC0-301F-11D3-BF4B-00C04F79EFBC}") = "OpenGameAgent.Providers.Mistral", "src\OpenGameAgent.Providers.Mistral\OpenGameAgent.Providers.Mistral.csproj", "{AA19D0A7-6DF6-4B39-9B3C-CF20BA2C0907}"
EndProject
Project("{FAE04EC0-301F-11D3-BF4B-00C04F79EFBC}") = "OpenGameAgent.Providers.Mistral.Tests", "tests\OpenGameAgent.Providers.Mistral.Tests\OpenGameAgent.Providers.Mistral.Tests.csproj", "{AA19D0A8-6DF6-4B39-9B3C-CF20BA2C0908}"
EndProject
Project("{FAE04EC0-301F-11D3-BF4B-00C04F79EFBC}") = "OpenGameAgent.Providers.Bedrock", "src\OpenGameAgent.Providers.Bedrock\OpenGameAgent.Providers.Bedrock.csproj", "{AA19D0A9-6DF6-4B39-9B3C-CF20BA2C0909}"
EndProject
Project("{FAE04EC0-301F-11D3-BF4B-00C04F79EFBC}") = "OpenGameAgent.Providers.Bedrock.Tests", "tests\OpenGameAgent.Providers.Bedrock.Tests\OpenGameAgent.Providers.Bedrock.Tests.csproj", "{AA19D0AA-6DF6-4B39-9B3C-CF20BA2C0910}"
EndProject
Project("{FAE04EC0-301F-11D3-BF4B-00C04F79EFBC}") = "OpenGameAgent.Providers.Remote", "src\OpenGameAgent.Providers.Remote\OpenGameAgent.Providers.Remote.csproj", "{AA19D0AB-6DF6-4B39-9B3C-CF20BA2C0911}"
EndProject
Project("{FAE04EC0-301F-11D3-BF4B-00C04F79EFBC}") = "OpenGameAgent.Providers.Remote.Tests", "tests\OpenGameAgent.Providers.Remote.Tests\OpenGameAgent.Providers.Remote.Tests.csproj", "{AA19D0AC-6DF6-4B39-9B3C-CF20BA2C0912}"
EndProject
Project("{FAE04EC0-301F-11D3-BF4B-00C04F79EFBC}") = "OpenGameAgent.Models.BuiltIn", "src\OpenGameAgent.Models.BuiltIn\OpenGameAgent.Models.BuiltIn.csproj", "{AA19D0AD-6DF6-4B39-9B3C-CF20BA2C0913}"
EndProject
Project("{FAE04EC0-301F-11D3-BF4B-00C04F79EFBC}") = "OpenGameAgent.Models.BuiltIn.Tests", "tests\OpenGameAgent.Models.BuiltIn.Tests\OpenGameAgent.Models.BuiltIn.Tests.csproj", "{AA19D0AE-6DF6-4B39-9B3C-CF20BA2C0914}"
EndProject
Project("{FAE04EC0-301F-11D3-BF4B-00C04F79EFBC}") = "OpenGameAgent.ProviderTransport", "src\OpenGameAgent.ProviderTransport\OpenGameAgent.ProviderTransport.csproj", "{6267ADBA-AC85-4357-8F55-F4523DBF7472}"
EndProject
Project("{FAE04EC0-301F-11D3-BF4B-00C04F79EFBC}") = "OpenGameAgent.ProviderTransport.Tests", "tests\OpenGameAgent.ProviderTransport.Tests\OpenGameAgent.ProviderTransport.Tests.csproj", "{71A5BDBE-AFDF-424F-AA56-6DB3A90657DC}"
EndProject
Project("{FAE04EC0-301F-11D3-BF4B-00C04F79EFBC}") = "OpenGameAgent.Media", "src\OpenGameAgent.Media\OpenGameAgent.Media.csproj", "{020649CD-50C7-48ED-9EB9-A2CC00A42162}"
EndProject
Project("{FAE04EC0-301F-11D3-BF4B-00C04F79EFBC}") = "OpenGameAgent.Media.Tests", "tests\OpenGameAgent.Media.Tests\OpenGameAgent.Media.Tests.csproj", "{931186B1-097D-467F-9AC7-AA55C4680B49}"
EndProject
Project("{FAE04EC0-301F-11D3-BF4B-00C04F79EFBC}") = "OpenGameAgent.Models.Auth.BuiltIn", "src\OpenGameAgent.Models.Auth.BuiltIn\OpenGameAgent.Models.Auth.BuiltIn.csproj", "{6E747055-19EE-46F4-ADCA-FC84A5606008}"
EndProject
Project("{FAE04EC0-301F-11D3-BF4B-00C04F79EFBC}") = "OpenGameAgent.Models.Auth.BuiltIn.Tests", "tests\OpenGameAgent.Models.Auth.BuiltIn.Tests\OpenGameAgent.Models.Auth.BuiltIn.Tests.csproj", "{9A687BE1-F8B4-4B89-9991-464914D69E28}"
EndProject
Project("{FAE04EC0-301F-11D3-BF4B-00C04F79EFBC}") = "OpenGameAgent.Providers.OpenRouter", "src\OpenGameAgent.Providers.OpenRouter\OpenGameAgent.Providers.OpenRouter.csproj", "{3C22F458-B759-4DAC-B367-AD876679A2FC}"
EndProject
Project("{FAE04EC0-301F-11D3-BF4B-00C04F79EFBC}") = "OpenGameAgent.Providers.OpenRouter.Tests", "tests\OpenGameAgent.Providers.OpenRouter.Tests\OpenGameAgent.Providers.OpenRouter.Tests.csproj", "{11929951-6AC8-445D-9539-F859E583EEC2}"
EndProject
Project("{FAE04EC0-301F-11D3-BF4B-00C04F79EFBC}") = "OpenGameAgent.Providers.MessageGateway", "src\OpenGameAgent.Providers.MessageGateway\OpenGameAgent.Providers.MessageGateway.csproj", "{31B59D2C-2431-47CB-B3A1-6A2BE4C20055}"
EndProject
Project("{FAE04EC0-301F-11D3-BF4B-00C04F79EFBC}") = "OpenGameAgent.Providers.MessageGateway.Tests", "tests\OpenGameAgent.Providers.MessageGateway.Tests\OpenGameAgent.Providers.MessageGateway.Tests.csproj", "{9CFA2749-BE81-45DE-A07B-CC005F87C5BD}"
EndProject
Project("{FAE04EC0-301F-11D3-BF4B-00C04F79EFBC}") = "OpenGameAgent.Plugins", "src\OpenGameAgent.Plugins\OpenGameAgent.Plugins.csproj", "{01A9B761-5567-4C17-B6ED-574B4089D413}"
EndProject
Project("{FAE04EC0-301F-11D3-BF4B-00C04F79EFBC}") = "OpenGameAgent.Plugins.Tests", "tests\OpenGameAgent.Plugins.Tests\OpenGameAgent.Plugins.Tests.csproj", "{5697E98C-2249-4D4C-894B-CB0A8732238E}"
EndProject
Project("{FAE04EC0-301F-11D3-BF4B-00C04F79EFBC}") = "OpenGameAgent.Memory", "src\OpenGameAgent.Memory\OpenGameAgent.Memory.csproj", "{00AE7836-01FA-4151-A38A-8263D9164A75}"
EndProject
Project("{FAE04EC0-301F-11D3-BF4B-00C04F79EFBC}") = "OpenGameAgent.Memory.Tests", "tests\OpenGameAgent.Memory.Tests\OpenGameAgent.Memory.Tests.csproj", "{5E8B096B-DD5F-4463-B841-7675F560B52D}"
EndProject
Project("{FAE04EC0-301F-11D3-BF4B-00C04F79EFBC}") = "OpenGameAgent.Attachments", "src\OpenGameAgent.Attachments\OpenGameAgent.Attachments.csproj", "{02764E37-C515-48D2-BBFA-BA9C8C71425C}"
EndProject
Project("{FAE04EC0-301F-11D3-BF4B-00C04F79EFBC}") = "OpenGameAgent.Attachments.Local", "src\OpenGameAgent.Attachments.Local\OpenGameAgent.Attachments.Local.csproj", "{967FB56B-BC1A-4FEF-A2C8-289CED38A733}"
EndProject
Project("{FAE04EC0-301F-11D3-BF4B-00C04F79EFBC}") = "OpenGameAgent.Attachments.Tests", "tests\OpenGameAgent.Attachments.Tests\OpenGameAgent.Attachments.Tests.csproj", "{F0ECE44A-ABCF-482C-9F81-D878B28C250D}"
EndProject
Global
	GlobalSection(SolutionConfigurationPlatforms) = preSolution
		Debug|Any CPU = Debug|Any CPU
		Release|Any CPU = Release|Any CPU
	EndGlobalSection
	GlobalSection(ProjectConfigurationPlatforms) = postSolution
		{151F63BB-AD09-4DA7-A639-AEA860ABF801}.Debug|Any CPU.ActiveCfg = Debug|Any CPU
		{151F63BB-AD09-4DA7-A639-AEA860ABF801}.Debug|Any CPU.Build.0 = Debug|Any CPU
		{151F63BB-AD09-4DA7-A639-AEA860ABF801}.Release|Any CPU.ActiveCfg = Release|Any CPU
		{151F63BB-AD09-4DA7-A639-AEA860ABF801}.Release|Any CPU.Build.0 = Release|Any CPU
		{3C485B57-B46F-48C7-82C2-161632BED002}.Debug|Any CPU.ActiveCfg = Debug|Any CPU
		{3C485B57-B46F-48C7-82C2-161632BED002}.Debug|Any CPU.Build.0 = Debug|Any CPU
		{3C485B57-B46F-48C7-82C2-161632BED002}.Release|Any CPU.ActiveCfg = Release|Any CPU
		{3C485B57-B46F-48C7-82C2-161632BED002}.Release|Any CPU.Build.0 = Release|Any CPU
		{D73BB92F-E1EC-4252-B9A5-FEACDF5CB003}.Debug|Any CPU.ActiveCfg = Debug|Any CPU
		{D73BB92F-E1EC-4252-B9A5-FEACDF5CB003}.Debug|Any CPU.Build.0 = Debug|Any CPU
		{D73BB92F-E1EC-4252-B9A5-FEACDF5CB003}.Release|Any CPU.ActiveCfg = Release|Any CPU
		{D73BB92F-E1EC-4252-B9A5-FEACDF5CB003}.Release|Any CPU.Build.0 = Release|Any CPU
		{4D6489CA-C06D-42AE-BE2C-A7A402A8E004}.Debug|Any CPU.ActiveCfg = Debug|Any CPU
		{4D6489CA-C06D-42AE-BE2C-A7A402A8E004}.Debug|Any CPU.Build.0 = Debug|Any CPU
		{4D6489CA-C06D-42AE-BE2C-A7A402A8E004}.Release|Any CPU.ActiveCfg = Release|Any CPU
		{4D6489CA-C06D-42AE-BE2C-A7A402A8E004}.Release|Any CPU.Build.0 = Release|Any CPU
		{49567240-0EB9-42B5-9FC3-7B4F018DA005}.Debug|Any CPU.ActiveCfg = Debug|Any CPU
		{49567240-0EB9-42B5-9FC3-7B4F018DA005}.Debug|Any CPU.Build.0 = Debug|Any CPU
		{49567240-0EB9-42B5-9FC3-7B4F018DA005}.Release|Any CPU.ActiveCfg = Release|Any CPU
		{49567240-0EB9-42B5-9FC3-7B4F018DA005}.Release|Any CPU.Build.0 = Release|Any CPU
		{EA51855B-1FB5-4692-9277-BB95A570C006}.Debug|Any CPU.ActiveCfg = Debug|Any CPU
		{EA51855B-1FB5-4692-9277-BB95A570C006}.Debug|Any CPU.Build.0 = Debug|Any CPU
		{EA51855B-1FB5-4692-9277-BB95A570C006}.Release|Any CPU.ActiveCfg = Release|Any CPU
		{EA51855B-1FB5-4692-9277-BB95A570C006}.Release|Any CPU.Build.0 = Release|Any CPU
		{126F4F68-C8D5-403B-899D-7EA25D446007}.Debug|Any CPU.ActiveCfg = Debug|Any CPU
		{126F4F68-C8D5-403B-899D-7EA25D446007}.Debug|Any CPU.Build.0 = Debug|Any CPU
		{126F4F68-C8D5-403B-899D-7EA25D446007}.Release|Any CPU.ActiveCfg = Release|Any CPU
		{126F4F68-C8D5-403B-899D-7EA25D446007}.Release|Any CPU.Build.0 = Release|Any CPU
		{6264B0A9-9050-4ED6-A7D8-F1DBBBCE6008}.Debug|Any CPU.ActiveCfg = Debug|Any CPU
		{6264B0A9-9050-4ED6-A7D8-F1DBBBCE6008}.Debug|Any CPU.Build.0 = Debug|Any CPU
		{6264B0A9-9050-4ED6-A7D8-F1DBBBCE6008}.Release|Any CPU.ActiveCfg = Release|Any CPU
		{6264B0A9-9050-4ED6-A7D8-F1DBBBCE6008}.Release|Any CPU.Build.0 = Release|Any CPU
		{E0E06633-9C9A-4D70-BE88-491734701101}.Debug|Any CPU.ActiveCfg = Debug|Any CPU
		{E0E06633-9C9A-4D70-BE88-491734701101}.Debug|Any CPU.Build.0 = Debug|Any CPU
		{E0E06633-9C9A-4D70-BE88-491734701101}.Release|Any CPU.ActiveCfg = Release|Any CPU
		{E0E06633-9C9A-4D70-BE88-491734701101}.Release|Any CPU.Build.0 = Release|Any CPU
		{D6FF2E41-75D9-463A-B9AC-26EA360F1102}.Debug|Any CPU.ActiveCfg = Debug|Any CPU
		{D6FF2E41-75D9-463A-B9AC-26EA360F1102}.Debug|Any CPU.Build.0 = Debug|Any CPU
		{D6FF2E41-75D9-463A-B9AC-26EA360F1102}.Release|Any CPU.ActiveCfg = Release|Any CPU
		{D6FF2E41-75D9-463A-B9AC-26EA360F1102}.Release|Any CPU.Build.0 = Release|Any CPU
		{0FD20D2F-1B89-4DDA-95DB-C0F5ECF21103}.Debug|Any CPU.ActiveCfg = Debug|Any CPU
		{0FD20D2F-1B89-4DDA-95DB-C0F5ECF21103}.Debug|Any CPU.Build.0 = Debug|Any CPU
		{0FD20D2F-1B89-4DDA-95DB-C0F5ECF21103}.Release|Any CPU.ActiveCfg = Release|Any CPU
		{0FD20D2F-1B89-4DDA-95DB-C0F5ECF21103}.Release|Any CPU.Build.0 = Release|Any CPU
		{74DD11EC-7D24-4A65-B753-53571E931104}.Debug|Any CPU.ActiveCfg = Debug|Any CPU
		{74DD11EC-7D24-4A65-B753-53571E931104}.Debug|Any CPU.Build.0 = Debug|Any CPU
		{74DD11EC-7D24-4A65-B753-53571E931104}.Release|Any CPU.ActiveCfg = Release|Any CPU
		{74DD11EC-7D24-4A65-B753-53571E931104}.Release|Any CPU.Build.0 = Release|Any CPU
		{22E554B9-BCE6-4584-BE73-36CFE59E1105}.Debug|Any CPU.ActiveCfg = Debug|Any CPU
		{22E554B9-BCE6-4584-BE73-36CFE59E1105}.Debug|Any CPU.Build.0 = Debug|Any CPU
		{22E554B9-BCE6-4584-BE73-36CFE59E1105}.Release|Any CPU.ActiveCfg = Release|Any CPU
		{22E554B9-BCE6-4584-BE73-36CFE59E1105}.Release|Any CPU.Build.0 = Release|Any CPU
		{8DC373B7-B6D6-42E8-BF98-7B8DC5FD1106}.Debug|Any CPU.ActiveCfg = Debug|Any CPU
		{8DC373B7-B6D6-42E8-BF98-7B8DC5FD1106}.Debug|Any CPU.Build.0 = Debug|Any CPU
		{8DC373B7-B6D6-42E8-BF98-7B8DC5FD1106}.Release|Any CPU.ActiveCfg = Release|Any CPU
		{8DC373B7-B6D6-42E8-BF98-7B8DC5FD1106}.Release|Any CPU.Build.0 = Release|Any CPU
		{D23EE0CD-40FD-47F3-9549-B0675A821107}.Debug|Any CPU.ActiveCfg = Debug|Any CPU
		{D23EE0CD-40FD-47F3-9549-B0675A821107}.Debug|Any CPU.Build.0 = Debug|Any CPU
		{D23EE0CD-40FD-47F3-9549-B0675A821107}.Release|Any CPU.ActiveCfg = Release|Any CPU
		{D23EE0CD-40FD-47F3-9549-B0675A821107}.Release|Any CPU.Build.0 = Release|Any CPU
		{48B319EF-B033-4D17-A025-8987FCABA107}.Debug|Any CPU.ActiveCfg = Debug|Any CPU
		{48B319EF-B033-4D17-A025-8987FCABA107}.Debug|Any CPU.Build.0 = Debug|Any CPU
		{48B319EF-B033-4D17-A025-8987FCABA107}.Release|Any CPU.ActiveCfg = Release|Any CPU
		{48B319EF-B033-4D17-A025-8987FCABA107}.Release|Any CPU.Build.0 = Release|Any CPU
		{01759D73-7B80-47A2-9D7D-154CC64C6851}.Debug|Any CPU.ActiveCfg = Debug|Any CPU
		{01759D73-7B80-47A2-9D7D-154CC64C6851}.Debug|Any CPU.Build.0 = Debug|Any CPU
		{01759D73-7B80-47A2-9D7D-154CC64C6851}.Release|Any CPU.ActiveCfg = Release|Any CPU
		{01759D73-7B80-47A2-9D7D-154CC64C6851}.Release|Any CPU.Build.0 = Release|Any CPU
		{98A0255B-E6C3-46C4-868C-A16FB559A79C}.Debug|Any CPU.ActiveCfg = Debug|Any CPU
		{98A0255B-E6C3-46C4-868C-A16FB559A79C}.Debug|Any CPU.Build.0 = Debug|Any CPU
		{98A0255B-E6C3-46C4-868C-A16FB559A79C}.Release|Any CPU.ActiveCfg = Release|Any CPU
		{98A0255B-E6C3-46C4-868C-A16FB559A79C}.Release|Any CPU.Build.0 = Release|Any CPU
		{CC89911F-B920-4203-8CE4-03D434C3B01E}.Debug|Any CPU.ActiveCfg = Debug|Any CPU
		{CC89911F-B920-4203-8CE4-03D434C3B01E}.Debug|Any CPU.Build.0 = Debug|Any CPU
		{CC89911F-B920-4203-8CE4-03D434C3B01E}.Release|Any CPU.ActiveCfg = Release|Any CPU
		{CC89911F-B920-4203-8CE4-03D434C3B01E}.Release|Any CPU.Build.0 = Release|Any CPU
		{839EA4C2-45A0-4E78-8FAE-E39155C96F4C}.Debug|Any CPU.ActiveCfg = Debug|Any CPU
		{839EA4C2-45A0-4E78-8FAE-E39155C96F4C}.Debug|Any CPU.Build.0 = Debug|Any CPU
		{839EA4C2-45A0-4E78-8FAE-E39155C96F4C}.Release|Any CPU.ActiveCfg = Release|Any CPU
		{839EA4C2-45A0-4E78-8FAE-E39155C96F4C}.Release|Any CPU.Build.0 = Release|Any CPU
		{AA19D0A1-6DF6-4B39-9B3C-CF20BA2C0901}.Debug|Any CPU.ActiveCfg = Debug|Any CPU
		{AA19D0A1-6DF6-4B39-9B3C-CF20BA2C0901}.Debug|Any CPU.Build.0 = Debug|Any CPU
		{AA19D0A1-6DF6-4B39-9B3C-CF20BA2C0901}.Release|Any CPU.ActiveCfg = Release|Any CPU
		{AA19D0A1-6DF6-4B39-9B3C-CF20BA2C0901}.Release|Any CPU.Build.0 = Release|Any CPU
		{AA19D0A2-6DF6-4B39-9B3C-CF20BA2C0902}.Debug|Any CPU.ActiveCfg = Debug|Any CPU
		{AA19D0A2-6DF6-4B39-9B3C-CF20BA2C0902}.Debug|Any CPU.Build.0 = Debug|Any CPU
		{AA19D0A2-6DF6-4B39-9B3C-CF20BA2C0902}.Release|Any CPU.ActiveCfg = Release|Any CPU
		{AA19D0A2-6DF6-4B39-9B3C-CF20BA2C0902}.Release|Any CPU.Build.0 = Release|Any CPU
		{AA19D0A3-6DF6-4B39-9B3C-CF20BA2C0903}.Debug|Any CPU.ActiveCfg = Debug|Any CPU
		{AA19D0A3-6DF6-4B39-9B3C-CF20BA2C0903}.Debug|Any CPU.Build.0 = Debug|Any CPU
		{AA19D0A3-6DF6-4B39-9B3C-CF20BA2C0903}.Release|Any CPU.ActiveCfg = Release|Any CPU
		{AA19D0A3-6DF6-4B39-9B3C-CF20BA2C0903}.Release|Any CPU.Build.0 = Release|Any CPU
		{AA19D0A4-6DF6-4B39-9B3C-CF20BA2C0904}.Debug|Any CPU.ActiveCfg = Debug|Any CPU
		{AA19D0A4-6DF6-4B39-9B3C-CF20BA2C0904}.Debug|Any CPU.Build.0 = Debug|Any CPU
		{AA19D0A4-6DF6-4B39-9B3C-CF20BA2C0904}.Release|Any CPU.ActiveCfg = Release|Any CPU
		{AA19D0A4-6DF6-4B39-9B3C-CF20BA2C0904}.Release|Any CPU.Build.0 = Release|Any CPU
		{AA19D0A5-6DF6-4B39-9B3C-CF20BA2C0905}.Debug|Any CPU.ActiveCfg = Debug|Any CPU
		{AA19D0A5-6DF6-4B39-9B3C-CF20BA2C0905}.Debug|Any CPU.Build.0 = Debug|Any CPU
		{AA19D0A5-6DF6-4B39-9B3C-CF20BA2C0905}.Release|Any CPU.ActiveCfg = Release|Any CPU
		{AA19D0A5-6DF6-4B39-9B3C-CF20BA2C0905}.Release|Any CPU.Build.0 = Release|Any CPU
		{AA19D0A6-6DF6-4B39-9B3C-CF20BA2C0906}.Debug|Any CPU.ActiveCfg = Debug|Any CPU
		{AA19D0A6-6DF6-4B39-9B3C-CF20BA2C0906}.Debug|Any CPU.Build.0 = Debug|Any CPU
		{AA19D0A6-6DF6-4B39-9B3C-CF20BA2C0906}.Release|Any CPU.ActiveCfg = Release|Any CPU
		{AA19D0A6-6DF6-4B39-9B3C-CF20BA2C0906}.Release|Any CPU.Build.0 = Release|Any CPU
		{AA19D0A7-6DF6-4B39-9B3C-CF20BA2C0907}.Debug|Any CPU.ActiveCfg = Debug|Any CPU
		{AA19D0A7-6DF6-4B39-9B3C-CF20BA2C0907}.Debug|Any CPU.Build.0 = Debug|Any CPU
		{AA19D0A7-6DF6-4B39-9B3C-CF20BA2C0907}.Release|Any CPU.ActiveCfg = Release|Any CPU
		{AA19D0A7-6DF6-4B39-9B3C-CF20BA2C0907}.Release|Any CPU.Build.0 = Release|Any CPU
		{AA19D0A8-6DF6-4B39-9B3C-CF20BA2C0908}.Debug|Any CPU.ActiveCfg = Debug|Any CPU
		{AA19D0A8-6DF6-4B39-9B3C-CF20BA2C0908}.Debug|Any CPU.Build.0 = Debug|Any CPU
		{AA19D0A8-6DF6-4B39-9B3C-CF20BA2C0908}.Release|Any CPU.ActiveCfg = Release|Any CPU
		{AA19D0A8-6DF6-4B39-9B3C-CF20BA2C0908}.Release|Any CPU.Build.0 = Release|Any CPU
		{AA19D0A9-6DF6-4B39-9B3C-CF20BA2C0909}.Debug|Any CPU.ActiveCfg = Debug|Any CPU
		{AA19D0A9-6DF6-4B39-9B3C-CF20BA2C0909}.Debug|Any CPU.Build.0 = Debug|Any CPU
		{AA19D0A9-6DF6-4B39-9B3C-CF20BA2C0909}.Release|Any CPU.ActiveCfg = Release|Any CPU
		{AA19D0A9-6DF6-4B39-9B3C-CF20BA2C0909}.Release|Any CPU.Build.0 = Release|Any CPU
		{AA19D0AA-6DF6-4B39-9B3C-CF20BA2C0910}.Debug|Any CPU.ActiveCfg = Debug|Any CPU
		{AA19D0AA-6DF6-4B39-9B3C-CF20BA2C0910}.Debug|Any CPU.Build.0 = Debug|Any CPU
		{AA19D0AA-6DF6-4B39-9B3C-CF20BA2C0910}.Release|Any CPU.ActiveCfg = Release|Any CPU
		{AA19D0AA-6DF6-4B39-9B3C-CF20BA2C0910}.Release|Any CPU.Build.0 = Release|Any CPU
		{AA19D0AB-6DF6-4B39-9B3C-CF20BA2C0911}.Debug|Any CPU.ActiveCfg = Debug|Any CPU
		{AA19D0AB-6DF6-4B39-9B3C-CF20BA2C0911}.Debug|Any CPU.Build.0 = Debug|Any CPU
		{AA19D0AB-6DF6-4B39-9B3C-CF20BA2C0911}.Release|Any CPU.ActiveCfg = Release|Any CPU
		{AA19D0AB-6DF6-4B39-9B3C-CF20BA2C0911}.Release|Any CPU.Build.0 = Release|Any CPU
		{AA19D0AC-6DF6-4B39-9B3C-CF20BA2C0912}.Debug|Any CPU.ActiveCfg = Debug|Any CPU
		{AA19D0AC-6DF6-4B39-9B3C-CF20BA2C0912}.Debug|Any CPU.Build.0 = Debug|Any CPU
		{AA19D0AC-6DF6-4B39-9B3C-CF20BA2C0912}.Release|Any CPU.ActiveCfg = Release|Any CPU
		{AA19D0AC-6DF6-4B39-9B3C-CF20BA2C0912}.Release|Any CPU.Build.0 = Release|Any CPU
		{AA19D0AD-6DF6-4B39-9B3C-CF20BA2C0913}.Debug|Any CPU.ActiveCfg = Debug|Any CPU
		{AA19D0AD-6DF6-4B39-9B3C-CF20BA2C0913}.Debug|Any CPU.Build.0 = Debug|Any CPU
		{AA19D0AD-6DF6-4B39-9B3C-CF20BA2C0913}.Release|Any CPU.ActiveCfg = Release|Any CPU
		{AA19D0AD-6DF6-4B39-9B3C-CF20BA2C0913}.Release|Any CPU.Build.0 = Release|Any CPU
		{AA19D0AE-6DF6-4B39-9B3C-CF20BA2C0914}.Debug|Any CPU.ActiveCfg = Debug|Any CPU
		{AA19D0AE-6DF6-4B39-9B3C-CF20BA2C0914}.Debug|Any CPU.Build.0 = Debug|Any CPU
		{AA19D0AE-6DF6-4B39-9B3C-CF20BA2C0914}.Release|Any CPU.ActiveCfg = Release|Any CPU
		{AA19D0AE-6DF6-4B39-9B3C-CF20BA2C0914}.Release|Any CPU.Build.0 = Release|Any CPU
		{6267ADBA-AC85-4357-8F55-F4523DBF7472}.Debug|Any CPU.ActiveCfg = Debug|Any CPU
		{6267ADBA-AC85-4357-8F55-F4523DBF7472}.Debug|Any CPU.Build.0 = Debug|Any CPU
		{6267ADBA-AC85-4357-8F55-F4523DBF7472}.Release|Any CPU.ActiveCfg = Release|Any CPU
		{6267ADBA-AC85-4357-8F55-F4523DBF7472}.Release|Any CPU.Build.0 = Release|Any CPU
		{71A5BDBE-AFDF-424F-AA56-6DB3A90657DC}.Debug|Any CPU.ActiveCfg = Debug|Any CPU
		{71A5BDBE-AFDF-424F-AA56-6DB3A90657DC}.Debug|Any CPU.Build.0 = Debug|Any CPU
		{71A5BDBE-AFDF-424F-AA56-6DB3A90657DC}.Release|Any CPU.ActiveCfg = Release|Any CPU
		{71A5BDBE-AFDF-424F-AA56-6DB3A90657DC}.Release|Any CPU.Build.0 = Release|Any CPU
		{020649CD-50C7-48ED-9EB9-A2CC00A42162}.Debug|Any CPU.ActiveCfg = Debug|Any CPU
		{020649CD-50C7-48ED-9EB9-A2CC00A42162}.Debug|Any CPU.Build.0 = Debug|Any CPU
		{020649CD-50C7-48ED-9EB9-A2CC00A42162}.Release|Any CPU.ActiveCfg = Release|Any CPU
		{020649CD-50C7-48ED-9EB9-A2CC00A42162}.Release|Any CPU.Build.0 = Release|Any CPU
		{931186B1-097D-467F-9AC7-AA55C4680B49}.Debug|Any CPU.ActiveCfg = Debug|Any CPU
		{931186B1-097D-467F-9AC7-AA55C4680B49}.Debug|Any CPU.Build.0 = Debug|Any CPU
		{931186B1-097D-467F-9AC7-AA55C4680B49}.Release|Any CPU.ActiveCfg = Release|Any CPU
		{931186B1-097D-467F-9AC7-AA55C4680B49}.Release|Any CPU.Build.0 = Release|Any CPU
		{6E747055-19EE-46F4-ADCA-FC84A5606008}.Debug|Any CPU.ActiveCfg = Debug|Any CPU
		{6E747055-19EE-46F4-ADCA-FC84A5606008}.Debug|Any CPU.Build.0 = Debug|Any CPU
		{6E747055-19EE-46F4-ADCA-FC84A5606008}.Release|Any CPU.ActiveCfg = Release|Any CPU
		{6E747055-19EE-46F4-ADCA-FC84A5606008}.Release|Any CPU.Build.0 = Release|Any CPU
		{9A687BE1-F8B4-4B89-9991-464914D69E28}.Debug|Any CPU.ActiveCfg = Debug|Any CPU
		{9A687BE1-F8B4-4B89-9991-464914D69E28}.Debug|Any CPU.Build.0 = Debug|Any CPU
		{9A687BE1-F8B4-4B89-9991-464914D69E28}.Release|Any CPU.ActiveCfg = Release|Any CPU
		{9A687BE1-F8B4-4B89-9991-464914D69E28}.Release|Any CPU.Build.0 = Release|Any CPU
		{3C22F458-B759-4DAC-B367-AD876679A2FC}.Debug|Any CPU.ActiveCfg = Debug|Any CPU
		{3C22F458-B759-4DAC-B367-AD876679A2FC}.Debug|Any CPU.Build.0 = Debug|Any CPU
		{3C22F458-B759-4DAC-B367-AD876679A2FC}.Release|Any CPU.ActiveCfg = Release|Any CPU
		{3C22F458-B759-4DAC-B367-AD876679A2FC}.Release|Any CPU.Build.0 = Release|Any CPU
		{11929951-6AC8-445D-9539-F859E583EEC2}.Debug|Any CPU.ActiveCfg = Debug|Any CPU
		{11929951-6AC8-445D-9539-F859E583EEC2}.Debug|Any CPU.Build.0 = Debug|Any CPU
		{11929951-6AC8-445D-9539-F859E583EEC2}.Release|Any CPU.ActiveCfg = Release|Any CPU
		{11929951-6AC8-445D-9539-F859E583EEC2}.Release|Any CPU.Build.0 = Release|Any CPU
		{31B59D2C-2431-47CB-B3A1-6A2BE4C20055}.Debug|Any CPU.ActiveCfg = Debug|Any CPU
		{31B59D2C-2431-47CB-B3A1-6A2BE4C20055}.Debug|Any CPU.Build.0 = Debug|Any CPU
		{31B59D2C-2431-47CB-B3A1-6A2BE4C20055}.Release|Any CPU.ActiveCfg = Release|Any CPU
		{31B59D2C-2431-47CB-B3A1-6A2BE4C20055}.Release|Any CPU.Build.0 = Release|Any CPU
		{9CFA2749-BE81-45DE-A07B-CC005F87C5BD}.Debug|Any CPU.ActiveCfg = Debug|Any CPU
		{9CFA2749-BE81-45DE-A07B-CC005F87C5BD}.Debug|Any CPU.Build.0 = Debug|Any CPU
		{9CFA2749-BE81-45DE-A07B-CC005F87C5BD}.Release|Any CPU.ActiveCfg = Release|Any CPU
		{9CFA2749-BE81-45DE-A07B-CC005F87C5BD}.Release|Any CPU.Build.0 = Release|Any CPU
		{01A9B761-5567-4C17-B6ED-574B4089D413}.Debug|Any CPU.ActiveCfg = Debug|Any CPU
		{01A9B761-5567-4C17-B6ED-574B4089D413}.Debug|Any CPU.Build.0 = Debug|Any CPU
		{01A9B761-5567-4C17-B6ED-574B4089D413}.Release|Any CPU.ActiveCfg = Release|Any CPU
		{01A9B761-5567-4C17-B6ED-574B4089D413}.Release|Any CPU.Build.0 = Release|Any CPU
		{5697E98C-2249-4D4C-894B-CB0A8732238E}.Debug|Any CPU.ActiveCfg = Debug|Any CPU
		{5697E98C-2249-4D4C-894B-CB0A8732238E}.Debug|Any CPU.Build.0 = Debug|Any CPU
		{5697E98C-2249-4D4C-894B-CB0A8732238E}.Release|Any CPU.ActiveCfg = Release|Any CPU
		{5697E98C-2249-4D4C-894B-CB0A8732238E}.Release|Any CPU.Build.0 = Release|Any CPU
		{00AE7836-01FA-4151-A38A-8263D9164A75}.Debug|Any CPU.ActiveCfg = Debug|Any CPU
		{00AE7836-01FA-4151-A38A-8263D9164A75}.Debug|Any CPU.Build.0 = Debug|Any CPU
		{00AE7836-01FA-4151-A38A-8263D9164A75}.Release|Any CPU.ActiveCfg = Release|Any CPU
		{00AE7836-01FA-4151-A38A-8263D9164A75}.Release|Any CPU.Build.0 = Release|Any CPU
		{5E8B096B-DD5F-4463-B841-7675F560B52D}.Debug|Any CPU.ActiveCfg = Debug|Any CPU
		{5E8B096B-DD5F-4463-B841-7675F560B52D}.Debug|Any CPU.Build.0 = Debug|Any CPU
		{5E8B096B-DD5F-4463-B841-7675F560B52D}.Release|Any CPU.ActiveCfg = Release|Any CPU
		{5E8B096B-DD5F-4463-B841-7675F560B52D}.Release|Any CPU.Build.0 = Release|Any CPU
		{02764E37-C515-48D2-BBFA-BA9C8C71425C}.Debug|Any CPU.ActiveCfg = Debug|Any CPU
		{02764E37-C515-48D2-BBFA-BA9C8C71425C}.Debug|Any CPU.Build.0 = Debug|Any CPU
		{02764E37-C515-48D2-BBFA-BA9C8C71425C}.Release|Any CPU.ActiveCfg = Release|Any CPU
		{02764E37-C515-48D2-BBFA-BA9C8C71425C}.Release|Any CPU.Build.0 = Release|Any CPU
		{967FB56B-BC1A-4FEF-A2C8-289CED38A733}.Debug|Any CPU.ActiveCfg = Debug|Any CPU
		{967FB56B-BC1A-4FEF-A2C8-289CED38A733}.Debug|Any CPU.Build.0 = Debug|Any CPU
		{967FB56B-BC1A-4FEF-A2C8-289CED38A733}.Release|Any CPU.ActiveCfg = Release|Any CPU
		{967FB56B-BC1A-4FEF-A2C8-289CED38A733}.Release|Any CPU.Build.0 = Release|Any CPU
		{F0ECE44A-ABCF-482C-9F81-D878B28C250D}.Debug|Any CPU.ActiveCfg = Debug|Any CPU
		{F0ECE44A-ABCF-482C-9F81-D878B28C250D}.Debug|Any CPU.Build.0 = Debug|Any CPU
		{F0ECE44A-ABCF-482C-9F81-D878B28C250D}.Release|Any CPU.ActiveCfg = Release|Any CPU
		{F0ECE44A-ABCF-482C-9F81-D878B28C250D}.Release|Any CPU.Build.0 = Release|Any CPU
	EndGlobalSection
	GlobalSection(NestedProjects) = preSolution
		{01759D73-7B80-47A2-9D7D-154CC64C6851} = {EA3AF59A-9A1C-4197-B2A3-F93894D131B8}
		{98A0255B-E6C3-46C4-868C-A16FB559A79C} = {86AE6217-BFEE-4349-945A-70ECEC211437}
		{CC89911F-B920-4203-8CE4-03D434C3B01E} = {EA3AF59A-9A1C-4197-B2A3-F93894D131B8}
		{839EA4C2-45A0-4E78-8FAE-E39155C96F4C} = {86AE6217-BFEE-4349-945A-70ECEC211437}
		{AA19D0A1-6DF6-4B39-9B3C-CF20BA2C0901} = {EA3AF59A-9A1C-4197-B2A3-F93894D131B8}
		{AA19D0A2-6DF6-4B39-9B3C-CF20BA2C0902} = {86AE6217-BFEE-4349-945A-70ECEC211437}
		{AA19D0A3-6DF6-4B39-9B3C-CF20BA2C0903} = {EA3AF59A-9A1C-4197-B2A3-F93894D131B8}
		{AA19D0A4-6DF6-4B39-9B3C-CF20BA2C0904} = {86AE6217-BFEE-4349-945A-70ECEC211437}
		{AA19D0A5-6DF6-4B39-9B3C-CF20BA2C0905} = {EA3AF59A-9A1C-4197-B2A3-F93894D131B8}
		{AA19D0A6-6DF6-4B39-9B3C-CF20BA2C0906} = {86AE6217-BFEE-4349-945A-70ECEC211437}
		{AA19D0A7-6DF6-4B39-9B3C-CF20BA2C0907} = {EA3AF59A-9A1C-4197-B2A3-F93894D131B8}
		{AA19D0A8-6DF6-4B39-9B3C-CF20BA2C0908} = {86AE6217-BFEE-4349-945A-70ECEC211437}
		{AA19D0A9-6DF6-4B39-9B3C-CF20BA2C0909} = {EA3AF59A-9A1C-4197-B2A3-F93894D131B8}
		{AA19D0AA-6DF6-4B39-9B3C-CF20BA2C0910} = {86AE6217-BFEE-4349-945A-70ECEC211437}
		{AA19D0AB-6DF6-4B39-9B3C-CF20BA2C0911} = {EA3AF59A-9A1C-4197-B2A3-F93894D131B8}
		{AA19D0AC-6DF6-4B39-9B3C-CF20BA2C0912} = {86AE6217-BFEE-4349-945A-70ECEC211437}
		{AA19D0AD-6DF6-4B39-9B3C-CF20BA2C0913} = {EA3AF59A-9A1C-4197-B2A3-F93894D131B8}
		{AA19D0AE-6DF6-4B39-9B3C-CF20BA2C0914} = {86AE6217-BFEE-4349-945A-70ECEC211437}
		{6267ADBA-AC85-4357-8F55-F4523DBF7472} = {EA3AF59A-9A1C-4197-B2A3-F93894D131B8}
		{71A5BDBE-AFDF-424F-AA56-6DB3A90657DC} = {86AE6217-BFEE-4349-945A-70ECEC211437}
		{020649CD-50C7-48ED-9EB9-A2CC00A42162} = {EA3AF59A-9A1C-4197-B2A3-F93894D131B8}
		{931186B1-097D-467F-9AC7-AA55C4680B49} = {86AE6217-BFEE-4349-945A-70ECEC211437}
		{6E747055-19EE-46F4-ADCA-FC84A5606008} = {EA3AF59A-9A1C-4197-B2A3-F93894D131B8}
		{9A687BE1-F8B4-4B89-9991-464914D69E28} = {86AE6217-BFEE-4349-945A-70ECEC211437}
		{3C22F458-B759-4DAC-B367-AD876679A2FC} = {EA3AF59A-9A1C-4197-B2A3-F93894D131B8}
		{11929951-6AC8-445D-9539-F859E583EEC2} = {86AE6217-BFEE-4349-945A-70ECEC211437}
		{31B59D2C-2431-47CB-B3A1-6A2BE4C20055} = {EA3AF59A-9A1C-4197-B2A3-F93894D131B8}
		{9CFA2749-BE81-45DE-A07B-CC005F87C5BD} = {86AE6217-BFEE-4349-945A-70ECEC211437}
		{01A9B761-5567-4C17-B6ED-574B4089D413} = {EA3AF59A-9A1C-4197-B2A3-F93894D131B8}
		{5697E98C-2249-4D4C-894B-CB0A8732238E} = {86AE6217-BFEE-4349-945A-70ECEC211437}
		{00AE7836-01FA-4151-A38A-8263D9164A75} = {EA3AF59A-9A1C-4197-B2A3-F93894D131B8}
		{5E8B096B-DD5F-4463-B841-7675F560B52D} = {86AE6217-BFEE-4349-945A-70ECEC211437}
		{02764E37-C515-48D2-BBFA-BA9C8C71425C} = {EA3AF59A-9A1C-4197-B2A3-F93894D131B8}
		{967FB56B-BC1A-4FEF-A2C8-289CED38A733} = {EA3AF59A-9A1C-4197-B2A3-F93894D131B8}
		{F0ECE44A-ABCF-482C-9F81-D878B28C250D} = {86AE6217-BFEE-4349-945A-70ECEC211437}
	EndGlobalSection
EndGlobal
