{
  "version": 1,
  "dependencies": {
    "net8.0": {
      "Npgsql": {
        "type": "Direct",
        "requested": "[10.0.3, )",
        "resolved": "10.0.3",
        "contentHash": "7nb5YzXuvWWJxB0J8DiyL3we+X4FOctZrt0fIBnucOIaIevFEEwGQVZKtiu9olXdlNAK1eNgqSral6r/jlhI4w==",
        "dependencies": {
          "Microsoft.Extensions.Logging.Abstractions": "8.0.0",
          "System.Diagnostics.DiagnosticSource": "9.0.11"
        }
      },
      "Microsoft.Extensions.DependencyInjection.Abstractions": {
        "type": "Transitive",
        "resolved": "8.0.0",
        "contentHash": "cjWrLkJXK0rs4zofsK4bSdg+jhDLTaxrkXu4gS6Y7MAlCvRyNNgwY/lJi5RDlQOnSZweHqoyvgvbdvQsRIW+hg=="
      },
      "Microsoft.Extensions.Logging.Abstractions": {
        "type": "Transitive",
        "resolved": "8.0.0",
        "contentHash": "arDBqTgFCyS0EvRV7O3MZturChstm50OJ0y9bDJvAcmEPJm0FFpFyjU/JLYyStNGGey081DvnQYlncNX5SJJGA==",
        "dependencies": {
          "Microsoft.Extensions.DependencyInjection.Abstractions": "8.0.0"
        }
      },
      "System.Diagnostics.DiagnosticSource": {
        "type": "Transitive",
        "resolved": "9.0.11",
        "contentHash": "/QzMFklOm8Ak//YB0I2kR+ByxUndT63ucrRWQm0xZsuLExJWrVDeGKtYZDuBackd9dThbwMdOotIEc4c4KwJiw=="
      },
      "System.Text.Json": {
        "type": "Transitive",
        "resolved": "8.0.6",
        "contentHash": "BvSpVBsVN9b+Y+wONbvJOHd1HjXQf33+XiC28ZMOwRsYb42mz3Q8YHnpTSwpwJLqYCMqM+0UUVC3V+pi25XfkQ=="
      },
      "gameagent.core": {
        "type": "Project",
        "dependencies": {
          "GameAgent.Protocol": "[0.2.0-alpha.1, )"
        }
      },
      "gameagent.protocol": {
        "type": "Project",
        "dependencies": {
          "System.Text.Json": "[8.0.6, )"
        }
      },
      "gameagent.storage.relational": {
        "type": "Project",
        "dependencies": {
          "GameAgent.Core": "[0.2.0-alpha.1, )",
          "GameAgent.Protocol": "[0.2.0-alpha.1, )"
        }
      }
    }
  }
}