{
  "version": 1,
  "dependencies": {
    ".NETStandard,Version=v2.1": {
      "SkiaSharp": {
        "type": "Direct",
        "requested": "[4.151.1, )",
        "resolved": "4.151.1",
        "contentHash": "FNlVsGZ9to3o9pObVqhIZanHjUGOoPb/Zxk5svCSLMJnKwxPKV7sIJrjs9BpB/jF3j9OdsaMOb4cfwSJbjueSw==",
        "dependencies": {
          "SkiaSharp.NativeAssets.Win32": "4.151.1",
          "SkiaSharp.NativeAssets.macOS": "4.151.1",
          "System.Runtime.CompilerServices.Unsafe": "6.1.2"
        }
      },
      "SkiaSharp.NativeAssets.Linux.NoDependencies": {
        "type": "Direct",
        "requested": "[4.150.1, )",
        "resolved": "4.150.1",
        "contentHash": "2KVadgDky2xQw7lEMRT/u0ftX5K1u8X7MhCN47Em22Z6VM6JJg1c9cwfGuSPAt1oY6+GjGHH18vkeev+nqT9Kw=="
      },
      "SkiaSharp.NativeAssets.macOS": {
        "type": "Transitive",
        "resolved": "4.151.1",
        "contentHash": "nLXwdhi0oB7pqqNLbSOLX+FIZQOMAU/yFPspzcDTJjTmPbMWyp0JWyeVj8sFJ/cweurEfT0J/lvfgdXX2EFHXA=="
      },
      "SkiaSharp.NativeAssets.Win32": {
        "type": "Transitive",
        "resolved": "4.151.1",
        "contentHash": "G+nln30ZX2ZuhH+ungf6x/QMXCje38KTS0VTfQeMyeY8uyMBmsZwFz2D30ZxUjZqsVbEIcaC2bsYF65876s4Yg=="
      },
      "System.Runtime.CompilerServices.Unsafe": {
        "type": "Transitive",
        "resolved": "6.1.2",
        "contentHash": "2hBr6zdbIBTDE3EhK7NSVNdX58uTK6iHW/P/Axmm9sl1xoGSLqDvMtpecn226TNwHByFokYwJmt/aQQNlO5CRw=="
      },
      "opengameagent.attachments": {
        "type": "Project"
      }
    }
  }
}