{
  "version": 1,
  "dependencies": {
    "net8.0": {
      "Microsoft.NET.Test.Sdk": {
        "type": "Direct",
        "requested": "[17.11.1, )",
        "resolved": "17.11.1",
        "contentHash": "U3Ty4BaGoEu+T2bwSko9tWqWUOU16WzSFkq6U8zve75oRBMSLTBdMAZrVNNz1Tq12aCdDom9fcOcM9QZaFHqFg==",
        "dependencies": {
          "Microsoft.CodeCoverage": "17.11.1",
          "Microsoft.TestPlatform.TestHost": "17.11.1"
        }
      },
      "System.Diagnostics.DiagnosticSource": {
        "type": "Direct",
        "requested": "[10.0.10, )",
        "resolved": "10.0.10",
        "contentHash": "cjtKi6ERMYWp6b9UTVPcwDT29PjKDtlM3W9OwnWL5abRsI8ku42Q2wqZoLIIXJnT/XF2s2CjuK8Nl4a3mmTxQQ=="
      },
      "System.Security.AccessControl": {
        "type": "Direct",
        "requested": "[6.0.1, )",
        "resolved": "6.0.1",
        "contentHash": "IQ4NXP/B3Ayzvw0rDQzVTYsCKyy0Jp9KI6aYcK7UnGVlR9+Awz++TIPCQtPYfLJfOpm8ajowMR09V7quD3sEHw=="
      },
      "xunit.runner.visualstudio": {
        "type": "Direct",
        "requested": "[3.0.0, )",
        "resolved": "3.0.0",
        "contentHash": "HggUqjQJe8PtDxcP25Q+CnR6Lz4oX3GElhD9V4oU2+75x9HI6A6sxbfKGS4UwU4t4yJaS9fBmAuriz8bQApNjw=="
      },
      "xunit.v3": {
        "type": "Direct",
        "requested": "[3.0.0, )",
        "resolved": "3.0.0",
        "contentHash": "IzPThK1+JjkBJzMWrWtMZY7FtYagnpg3cBwR/8XJE5mK6JPwz5nz/auQ9Ln02DZCK3O3E1kHyMC1f490/6g6dQ==",
        "dependencies": {
          "xunit.analyzers": "1.23.0",
          "xunit.v3.assert": "[3.0.0]",
          "xunit.v3.core": "[3.0.0]"
        }
      },
      "Microsoft.Bcl.AsyncInterfaces": {
        "type": "Transitive",
        "resolved": "6.0.0",
        "contentHash": "UcSjPsst+DfAdJGVDsu346FX0ci0ah+lw3WRtn18NUwEqRt70HaOQ7lI72vy3+1LxtqI3T5GWwV39rQSrCzAeg=="
      },
      "Microsoft.CodeCoverage": {
        "type": "Transitive",
        "resolved": "17.11.1",
        "contentHash": "nPJqrcA5iX+Y0kqoT3a+pD/8lrW/V7ayqnEJQsTonSoPz59J8bmoQhcSN4G8+UJ64Hkuf0zuxnfuj2lkHOq4cA=="
      },
      "Microsoft.Extensions.AI.Abstractions": {
        "type": "Transitive",
        "resolved": "10.8.3",
        "contentHash": "K0B05oApxmviWalNHPMBBcRC7erKiDATz3ENNR/jqTR9JwIwLRefgDhj2jCRwL1aca99pXUe0qyQC73/xIuZig==",
        "dependencies": {
          "System.Text.Json": "10.0.10"
        }
      },
      "Microsoft.Extensions.DependencyInjection.Abstractions": {
        "type": "Transitive",
        "resolved": "10.0.10",
        "contentHash": "z/2xXlFw2aLGjHyEm6E0tQ+In6VfzQzTrtArbQ2c0TQE16ZbyDCMGPvaUT9I0s8rgy9sRWlU2P9waW37qV04qA=="
      },
      "Microsoft.Extensions.Logging.Abstractions": {
        "type": "Transitive",
        "resolved": "10.0.10",
        "contentHash": "zkFxGYUvdxAvIKTyXHrmW+Sux53D4SezD9dMyZ6hrwwzPQJNuwCRy1f5W7AvYTqacEGhWF2XderRQG1OvbV8og==",
        "dependencies": {
          "Microsoft.Extensions.DependencyInjection.Abstractions": "10.0.10",
          "System.Diagnostics.DiagnosticSource": "10.0.10"
        }
      },
      "Microsoft.Testing.Extensions.TrxReport.Abstractions": {
        "type": "Transitive",
        "resolved": "1.7.3",
        "contentHash": "dDEETHbX5JQBMIFgBPkX/FmCU4DRQSG+k58QUtz7zTdnEZDafPKH6YHSMoHY3blDiZV/vcSol35Ux3WC7wU+9Q==",
        "dependencies": {
          "Microsoft.Testing.Platform": "1.7.3"
        }
      },
      "Microsoft.Testing.Platform": {
        "type": "Transitive",
        "resolved": "1.7.3",
        "contentHash": "cI6u+CPxv3+07cbSwJVKOfxFrecbjfZnid1fe8EMhyPY4qmsSNnm+hN+GIy8u4JIlrADfrskDiwnScjRzVzJNw=="
      },
      "Microsoft.Testing.Platform.MSBuild": {
        "type": "Transitive",
        "resolved": "1.7.3",
        "contentHash": "tSIKXv7tLLYDjfodqLuTigsmOVcYj0CDC1rYeac5MTgHjbYV8IfmYh4FprBt/xE1zW8phkCYP766F9ayo560jA==",
        "dependencies": {
          "Microsoft.Testing.Platform": "1.7.3"
        }
      },
      "Microsoft.TestPlatform.ObjectModel": {
        "type": "Transitive",
        "resolved": "17.11.1",
        "contentHash": "E2jZqAU6JeWEVsyOEOrSW1o1bpHLgb25ypvKNB/moBXPVsFYBPd/Jwi7OrYahG50J83LfHzezYI+GaEkpAotiA==",
        "dependencies": {
          "System.Reflection.Metadata": "1.6.0"
        }
      },
      "Microsoft.TestPlatform.TestHost": {
        "type": "Transitive",
        "resolved": "17.11.1",
        "contentHash": "DnG+GOqJXO/CkoqlJWeDFTgPhqD/V6VqUIL3vINizCWZ3X+HshCtbbyDdSHQQEjrc2Sl/K3yaxX6s+5LFEdYuw==",
        "dependencies": {
          "Microsoft.TestPlatform.ObjectModel": "17.11.1",
          "Newtonsoft.Json": "13.0.1"
        }
      },
      "ModelContextProtocol.Core": {
        "type": "Transitive",
        "resolved": "2.1.0",
        "contentHash": "cU/urrhRxE4/iSyBIJI7QOaFqSP1FOEnwEHsct9n6t6/XluCAFD9iqnrPkBAsEYr+f/G4tVQ21U+6wN/6fQvOg==",
        "dependencies": {
          "Microsoft.Extensions.AI.Abstractions": "10.8.3",
          "Microsoft.Extensions.Logging.Abstractions": "10.0.10",
          "System.IO.Pipelines": "10.0.10",
          "System.Net.ServerSentEvents": "10.0.10"
        }
      },
      "Newtonsoft.Json": {
        "type": "Transitive",
        "resolved": "13.0.1",
        "contentHash": "ppPFpBcvxdsfUonNcvITKqLl3bqxWbDCZIzDWHzjpdAHRFfZe0Dw9HmA0+za13IdyrgJwpkDTDA9fHaxOrt20A=="
      },
      "System.IO.Pipelines": {
        "type": "Transitive",
        "resolved": "10.0.10",
        "contentHash": "7WX0W96y3dpQdYG4sEGdh38g3/0lOD4/dKbn2rRVOVzKhzoZUn2gKNIKaFeKWs8RCbpFfmmEWsRhSy95hMpvqA=="
      },
      "System.Net.ServerSentEvents": {
        "type": "Transitive",
        "resolved": "10.0.10",
        "contentHash": "1m3dGOl5YI9VhOE+MPCSII+WXZcyYVr5D/UbBifOUxkrx2npczhWjdl0PYZ1tMGygVce1mIfUDhdM1LBiEQFNw=="
      },
      "System.Reflection.Metadata": {
        "type": "Transitive",
        "resolved": "1.6.0",
        "contentHash": "COC1aiAJjCoA5GBF+QKL2uLqEBew4JsCkQmoHKbN3TlOZKa2fKLz5CpiRQKDz0RsAOEGsVKqOD5bomsXq/4STQ=="
      },
      "System.Text.Encodings.Web": {
        "type": "Transitive",
        "resolved": "10.0.10",
        "contentHash": "o16m2YpDN/pjHsnxf9pTGwkpcuvjW8v1/wGUwJtM1c3QZUKm7ZEO/eYRJg7iIx6GxS2Zv9lAMHpiQwHDdgqauA=="
      },
      "System.Text.Json": {
        "type": "Transitive",
        "resolved": "10.0.10",
        "contentHash": "bmsO6UdYtBdtn32zYXfsh7KlyTIzV/3V9hdT9RIb4pXKgYOsNxXR+VbWigNwBtNFVGYGm6Hwmqw5a+/IWFd36Q==",
        "dependencies": {
          "System.IO.Pipelines": "10.0.10",
          "System.Text.Encodings.Web": "10.0.10"
        }
      },
      "xunit.analyzers": {
        "type": "Transitive",
        "resolved": "1.23.0",
        "contentHash": "WCkO1FPTWoESLhghoXA881CulRYpve0UrXLsL5aYcLQd9SlD+oADb16NAP+SE5o3w0FM2MzGTklBwY8yUfj0ng=="
      },
      "xunit.v3.assert": {
        "type": "Transitive",
        "resolved": "3.0.0",
        "contentHash": "tlEmAE8uQ9fOhbNyg7sLJiYhekeD4LFRDJRZrv3mdnvJv7kfb2Z1OmJcsMHF+/N/QE/vTtwqRItiPJZGpOw/EQ=="
      },
      "xunit.v3.common": {
        "type": "Transitive",
        "resolved": "3.0.0",
        "contentHash": "8bPJb2N2kYWSa9c9pkUtQmzWc2+0wKxWo9NIgUev6DX+TkXjdBUh6zY0LPVIdSGxsl3swjn4+gEpj5QjrzZiQw==",
        "dependencies": {
          "Microsoft.Bcl.AsyncInterfaces": "6.0.0"
        }
      },
      "xunit.v3.core": {
        "type": "Transitive",
        "resolved": "3.0.0",
        "contentHash": "c71CPzXXTbnmr3iz2dmo4OniOWNM+30DtWQxpepKVjLIFRYimP+ahn/pjPHSmDqL2xl2tewosLNFodyijcnBLQ==",
        "dependencies": {
          "Microsoft.Testing.Platform.MSBuild": "1.7.3",
          "xunit.v3.extensibility.core": "[3.0.0]",
          "xunit.v3.runner.inproc.console": "[3.0.0]"
        }
      },
      "xunit.v3.extensibility.core": {
        "type": "Transitive",
        "resolved": "3.0.0",
        "contentHash": "bzYmxPXtuLDwueg5gqB4/JlCShqHO/weZVgsOxgvMSw4ulyKFqv78JpUE1+aluJWitrfeaL6P8mfPV6zLQS49w==",
        "dependencies": {
          "xunit.v3.common": "[3.0.0]"
        }
      },
      "xunit.v3.runner.common": {
        "type": "Transitive",
        "resolved": "3.0.0",
        "contentHash": "GIk0y3T/siVtU2rwbPPC/PFANHlAbknwWmxNOPqyz+NviFTKY3sILeHeotQff4MT+Rk0tjPGNAwCtzp9fRPLpQ==",
        "dependencies": {
          "xunit.v3.common": "[3.0.0]"
        }
      },
      "xunit.v3.runner.inproc.console": {
        "type": "Transitive",
        "resolved": "3.0.0",
        "contentHash": "V0ZxjXFRVDoscU4SfVFvHVzqhGbevBitl7Yn3Vn6s+NqFmwP4tY6/o3ZU9skAQ1bgtfNUEYfrwYTzzoeQFbNQw==",
        "dependencies": {
          "Microsoft.Testing.Extensions.TrxReport.Abstractions": "1.7.3",
          "Microsoft.Testing.Platform": "1.7.3",
          "xunit.v3.extensibility.core": "[3.0.0]",
          "xunit.v3.runner.common": "[3.0.0]"
        }
      },
      "opengameagent": {
        "type": "Project",
        "dependencies": {
          "OpenGameAgent.Kernel": "[0.3.0-alpha.1, )",
          "System.Text.Json": "[8.0.6, )"
        }
      },
      "opengameagent.connectors.mcp": {
        "type": "Project",
        "dependencies": {
          "ModelContextProtocol.Core": "[2.1.0, )",
          "OpenGameAgent.Extensions": "[0.3.0-alpha.1, )"
        }
      },
      "opengameagent.extensions": {
        "type": "Project",
        "dependencies": {
          "OpenGameAgent": "[0.3.0-alpha.1, )"
        }
      },
      "opengameagent.kernel": {
        "type": "Project",
        "dependencies": {
          "System.Text.Json": "[8.0.6, )"
        }
      }
    }
  }
}