{
  "version": 1,
  "dependencies": {
    "net8.0": {
      "Godot.SourceGenerators": {
        "type": "Direct",
        "requested": "[4.7.1, )",
        "resolved": "4.7.1",
        "contentHash": "XNYxnzQtZw/3ebPgpVC5eKMH5z3mx/MFNAb9rNeb/SmyMus+u4GPbwMN1ZsmXf0j4a9L/Uj55PbZIHLk96EFyQ=="
      },
      "GodotSharp": {
        "type": "Direct",
        "requested": "[4.7.1, )",
        "resolved": "4.7.1",
        "contentHash": "OCTPz0MtENY0J1e9Sw4VB9qxS0DK9xpEQLAIMRzCtnVKiJvHZUAAnJ9mU4ewW5+88V4beewp3dl8OE813Qw73g=="
      },
      "GodotSharpEditor": {
        "type": "Direct",
        "requested": "[4.7.1, )",
        "resolved": "4.7.1",
        "contentHash": "MAX9wPgjX9BM+EOMxuF++mWKdvO2y0ZiEAfv6D68HGseQc8mX//yc7QrJizXSJ4ii1nh3krXZSyIJ77nmjOgYA==",
        "dependencies": {
          "GodotSharp": "4.7.1"
        }
      },
      "System.Text.Json": {
        "type": "Transitive",
        "resolved": "8.0.5",
        "contentHash": "0f1B50Ss7rqxXiaBJyzUu9bWFOO2/zSlifZ/UNMdiIpDYe4cY4LQQicP4nirK1OS31I43rn062UIJ1Q9bpmHpg=="
      },
      "opengameagent.engineclient": {
        "type": "Project",
        "dependencies": {
          "System.Text.Json": "[8.0.5, )"
        }
      }
    }
  }
}