{
  "version": 1,
  "dependencies": {
    "net8.0": {
      "SkiaSharp": {
        "type": "Transitive",
        "resolved": "4.150.1",
        "contentHash": "5v3T8X1N62Dp+AkPO70GNBNS/NRBPGMOTiN+Prg33sZAcm/Ug3YOAH+3RTj/jxJV8NGTJs2idGpC2Qdae2mGLQ==",
        "dependencies": {
          "SkiaSharp.NativeAssets.Win32": "4.150.1",
          "SkiaSharp.NativeAssets.macOS": "4.150.1"
        }
      },
      "SkiaSharp.NativeAssets.Linux.NoDependencies": {
        "type": "Transitive",
        "resolved": "4.150.1",
        "contentHash": "2KVadgDky2xQw7lEMRT/u0ftX5K1u8X7MhCN47Em22Z6VM6JJg1c9cwfGuSPAt1oY6+GjGHH18vkeev+nqT9Kw=="
      },
      "SkiaSharp.NativeAssets.macOS": {
        "type": "Transitive",
        "resolved": "4.150.1",
        "contentHash": "r755HVwaHZhyf1clWjrM2/RoOZYCzkQEmE9pu/mVsebPejWu52niNPUwtfyf112qoF0PIk6OndqVOUoITj6TwQ=="
      },
      "SkiaSharp.NativeAssets.Win32": {
        "type": "Transitive",
        "resolved": "4.150.1",
        "contentHash": "qrLSL8OonbkMJdSH8heK0Jl39Y2xxZGdd7Ru4cyBXk2ITdx+Fu1sCFLmvCKmnMaYs//mlN/YSpSpOurEXErcQw=="
      },
      "System.Text.Json": {
        "type": "Transitive",
        "resolved": "8.0.6",
        "contentHash": "BvSpVBsVN9b+Y+wONbvJOHd1HjXQf33+XiC28ZMOwRsYb42mz3Q8YHnpTSwpwJLqYCMqM+0UUVC3V+pi25XfkQ=="
      },
      "opengameagent": {
        "type": "Project",
        "dependencies": {
          "OpenGameAgent.Kernel": "[0.3.0-alpha.2, )",
          "System.Text.Json": "[8.0.6, )"
        }
      },
      "opengameagent.attachments": {
        "type": "Project"
      },
      "opengameagent.attachments.local": {
        "type": "Project",
        "dependencies": {
          "OpenGameAgent.Attachments": "[0.3.0-alpha.2, )",
          "SkiaSharp": "[4.150.1, )",
          "SkiaSharp.NativeAssets.Linux.NoDependencies": "[4.150.1, )"
        }
      },
      "opengameagent.extensions": {
        "type": "Project",
        "dependencies": {
          "OpenGameAgent": "[0.3.0-alpha.2, )",
          "OpenGameAgent.Models": "[0.3.0-alpha.2, )"
        }
      },
      "opengameagent.kernel": {
        "type": "Project",
        "dependencies": {
          "OpenGameAgent.Attachments": "[0.3.0-alpha.2, )",
          "System.Text.Json": "[8.0.6, )"
        }
      },
      "opengameagent.media": {
        "type": "Project",
        "dependencies": {
          "OpenGameAgent": "[0.3.0-alpha.2, )",
          "OpenGameAgent.Models": "[0.3.0-alpha.2, )"
        }
      },
      "opengameagent.models": {
        "type": "Project",
        "dependencies": {
          "OpenGameAgent.Kernel": "[0.3.0-alpha.2, )"
        }
      },
      "opengameagent.persistence": {
        "type": "Project",
        "dependencies": {
          "OpenGameAgent": "[0.3.0-alpha.2, )",
          "OpenGameAgent.Extensions": "[0.3.0-alpha.2, )",
          "OpenGameAgent.Media": "[0.3.0-alpha.2, )",
          "System.Text.Json": "[8.0.6, )"
        }
      },
      "opengameagent.providers.openaicompatible": {
        "type": "Project",
        "dependencies": {
          "OpenGameAgent.Kernel": "[0.3.0-alpha.2, )",
          "OpenGameAgent.ProviderTransport": "[0.3.0-alpha.2, )",
          "System.Text.Json": "[8.0.6, )"
        }
      },
      "opengameagent.providertransport": {
        "type": "Project"
      },
      "opengameagent.runtime.hosting": {
        "type": "Project",
        "dependencies": {
          "OpenGameAgent": "[0.3.0-alpha.2, )",
          "OpenGameAgent.Runtime.Protocol": "[0.3.0-alpha.2, )"
        }
      },
      "opengameagent.runtime.protocol": {
        "type": "Project",
        "dependencies": {
          "System.Text.Json": "[8.0.6, )"
        }
      }
    }
  }
}